
Microsoft Visual Studio Solution File, Format Version 12.00
# Visual Studio Version 16
VisualStudioVersion = 16.0.32002.261
MinimumVisualStudioVersion = 10.0.40219.1
Project("{FAE04EC0-301F-11D3-BF4B-00C04F79EFBC}") = "WeatherAPI", "WeatherAPI\WeatherAPI.csproj", "{FB6371B5-A1C0-46C0-82F3-6EDF55A66F71}"
EndProject
Global
	GlobalSection(SolutionConfigurationPlatforms) = preSolution
		Debug|Any CPU = Debug|Any CPU
		Release|Any CPU = Release|Any CPU
	EndGlobalSection
	GlobalSection(ProjectConfigurationPlatforms) = postSolution
		{FB6371B5-A1C0-46C0-82F3-6EDF55A66F71}.Debug|Any CPU.ActiveCfg = Debug|Any CPU
		{FB6371B5-A1C0-46C0-82F3-6EDF55A66F71}.Debug|Any CPU.Build.0 = Debug|Any CPU
		{FB6371B5-A1C0-46C0-82F3-6EDF55A66F71}.Release|Any CPU.ActiveCfg = Release|Any CPU
		{FB6371B5-A1C0-46C0-82F3-6EDF55A66F71}.Release|Any CPU.Build.0 = Release|Any CPU
	EndGlobalSection
	GlobalSection(SolutionProperties) = preSolution
		HideSolutionNode = FALSE
	EndGlobalSection
	GlobalSection(ExtensibilityGlobals) = postSolution
		SolutionGuid = {F008915B-3B69-49A9-B6B0-9DC61B34F465}
	EndGlobalSection
EndGlobal
